
Microsoft Visual Studio Solution File, Format Version 12.00
# Visual Studio Version 17
VisualStudioVersion = 17.1.32210.238
MinimumVisualStudioVersion = 10.0.40219.1
Project("{9A19103F-16F7-4668-BE54-9A1E7A4F7556}") = "RestSharpT", "RestSharpT\RestSharpT.csproj", "{F1E4192D-8BCA-4551-BA13-BD4728D24A8B}"
EndProject
Global
	GlobalSection(SolutionConfigurationPlatforms) = preSolution
		Debug|Any CPU = Debug|Any CPU
		Release|Any CPU = Release|Any CPU
	EndGlobalSection
	GlobalSection(ProjectConfigurationPlatforms) = postSolution
		{F1E4192D-8BCA-4551-BA13-BD4728D24A8B}.Debug|Any CPU.ActiveCfg = Debug|Any CPU
		{F1E4192D-8BCA-4551-BA13-BD4728D24A8B}.Debug|Any CPU.Build.0 = Debug|Any CPU
		{F1E4192D-8BCA-4551-BA13-BD4728D24A8B}.Release|Any CPU.ActiveCfg = Release|Any CPU
		{F1E4192D-8BCA-4551-BA13-BD4728D24A8B}.Release|Any CPU.Build.0 = Release|Any CPU
	EndGlobalSection
	GlobalSection(SolutionProperties) = preSolution
		HideSolutionNode = FALSE
	EndGlobalSection
	GlobalSection(ExtensibilityGlobals) = postSolution
		SolutionGuid = {FF789DDE-B86C-46F9-86C7-7FCB2869D7B9}
	EndGlobalSection
EndGlobal
